
Microsoft Visual Studio Solution File, Format Version 12.00
# Visual Studio Version 16
VisualStudioVersion = 16.0.30523.141
MinimumVisualStudioVersion = 10.0.40219.1
Project("{FAE04EC0-301F-11D3-BF4B-00C04F79EFBC}") = "DebtRecorder", "DebtRecorder\DebtRecorder.csproj", "{3654E570-ED57-4F42-BE98-6AB0ECBB0102}"
EndProject
Global
	GlobalSection(SolutionConfigurationPlatforms) = preSolution
		Debug|Any CPU = Debug|Any CPU
		Release|Any CPU = Release|Any CPU
	EndGlobalSection
	GlobalSection(ProjectConfigurationPlatforms) = postSolution
		{3654E570-ED57-4F42-BE98-6AB0ECBB0102}.Debug|Any CPU.ActiveCfg = Debug|Any CPU
		{3654E570-ED57-4F42-BE98-6AB0ECBB0102}.Debug|Any CPU.Build.0 = Debug|Any CPU
		{3654E570-ED57-4F42-BE98-6AB0ECBB0102}.Release|Any CPU.ActiveCfg = Release|Any CPU
		{3654E570-ED57-4F42-BE98-6AB0ECBB0102}.Release|Any CPU.Build.0 = Release|Any CPU
	EndGlobalSection
	GlobalSection(SolutionProperties) = preSolution
		HideSolutionNode = FALSE
	EndGlobalSection
	GlobalSection(ExtensibilityGlobals) = postSolution
		SolutionGuid = {69386AC0-8EF2-4922-BC1B-C28EFFBD7F48}
	EndGlobalSection
EndGlobal
